// !$*UTF8*$!
{
	archiveVersion = 1;
	classes = {
	};
	objectVersion = 55;
	objects = {

/* Begin PBXBuildFile section */
		883BD69C297075D300F5BC70 /* SignUpView.swift in Sources */ = {isa = PBXBuildFile; fileRef = 883BD69B297075D300F5BC70 /* SignUpView.swift */; };
		883BD69E2970763800F5BC70 /* ButtonWithGlowView.swift in Sources */ = {isa = PBXBuildFile; fileRef = 883BD69D2970763800F5BC70 /* ButtonWithGlowView.swift */; };
		883C3C6C2964522400592905 /* FirebaseAuth in Frameworks */ = {isa = PBXBuildFile; productRef = 883C3C6B2964522400592905 /* FirebaseAuth */; };
		883C3C6E2964522400592905 /* FirebaseDatabase in Frameworks */ = {isa = PBXBuildFile; productRef = 883C3C6D2964522400592905 /* FirebaseDatabase */; };
		883C3C702964522400592905 /* FirebaseFirestore in Frameworks */ = {isa = PBXBuildFile; productRef = 883C3C6F2964522400592905 /* FirebaseFirestore */; };
		883C3C722964522400592905 /* FirebaseStorage in Frameworks */ = {isa = PBXBuildFile; productRef = 883C3C712964522400592905 /* FirebaseStorage */; };
		883C3C74296452AC00592905 /* Extensions.swift in Sources */ = {isa = PBXBuildFile; fileRef = 883C3C73296452AC00592905 /* Extensions.swift */; };
		883C3C7A296453FD00592905 /* RecipeFirebaseModel.swift in Sources */ = {isa = PBXBuildFile; fileRef = 883C3C79296453FD00592905 /* RecipeFirebaseModel.swift */; };
		883C3C7E2964546C00592905 /* VisualEffectBlur.swift in Sources */ = {isa = PBXBuildFile; fileRef = 883C3C7D2964546C00592905 /* VisualEffectBlur.swift */; };
		883C3C83296454DC00592905 /* NetworkManager.swift in Sources */ = {isa = PBXBuildFile; fileRef = 883C3C82296454DC00592905 /* NetworkManager.swift */; };
		883C3C85296454F700592905 /* FirebaseManager.swift in Sources */ = {isa = PBXBuildFile; fileRef = 883C3C84296454F700592905 /* FirebaseManager.swift */; };
		883C3C87296455A500592905 /* MainView.swift in Sources */ = {isa = PBXBuildFile; fileRef = 883C3C86296455A500592905 /* MainView.swift */; };
		883C3C8E296457E400592905 /* CategoriesRecipeEnum.swift in Sources */ = {isa = PBXBuildFile; fileRef = 883C3C8D296457E400592905 /* CategoriesRecipeEnum.swift */; };
		883C3C912964582600592905 /* RecipeCategoryCarouselView.swift in Sources */ = {isa = PBXBuildFile; fileRef = 883C3C902964582600592905 /* RecipeCategoryCarouselView.swift */; };
		883C3C932964587600592905 /* RecipeCategoryCarouselViewModel.swift in Sources */ = {isa = PBXBuildFile; fileRef = 883C3C922964587600592905 /* RecipeCategoryCarouselViewModel.swift */; };
		883C3C9929645B3200592905 /* RecipeCard2View.swift in Sources */ = {isa = PBXBuildFile; fileRef = 883C3C9829645B3200592905 /* RecipeCard2View.swift */; };
		883C3C9B29645B7700592905 /* RecipeCard2ViewModel.swift in Sources */ = {isa = PBXBuildFile; fileRef = 883C3C9A29645B7700592905 /* RecipeCard2ViewModel.swift */; };
		883C3C9D29645B9200592905 /* RecipeCard2Model.swift in Sources */ = {isa = PBXBuildFile; fileRef = 883C3C9C29645B9200592905 /* RecipeCard2Model.swift */; };
		883C3C9F29645C5A00592905 /* ListRecipeView.swift in Sources */ = {isa = PBXBuildFile; fileRef = 883C3C9E29645C5A00592905 /* ListRecipeView.swift */; };
		883C3CA129645C6200592905 /* ListRecipeViewModel.swift in Sources */ = {isa = PBXBuildFile; fileRef = 883C3CA029645C6200592905 /* ListRecipeViewModel.swift */; };
		883C3CA62964680300592905 /* CategoryListRecipeView.swift in Sources */ = {isa = PBXBuildFile; fileRef = 883C3CA52964680300592905 /* CategoryListRecipeView.swift */; };
		883C3CA82964682600592905 /* CategoryListRecipeViewModel.swift in Sources */ = {isa = PBXBuildFile; fileRef = 883C3CA72964682600592905 /* CategoryListRecipeViewModel.swift */; };
		883C3CAA2964688E00592905 /* TextFieldWithGlowIconView.swift in Sources */ = {isa = PBXBuildFile; fileRef = 883C3CA92964688E00592905 /* TextFieldWithGlowIconView.swift */; };
		883C3CAC296468A600592905 /* IconTextFieldView.swift in Sources */ = {isa = PBXBuildFile; fileRef = 883C3CAB296468A600592905 /* IconTextFieldView.swift */; };
		883C3CB12964695000592905 /* BackgroundGlowGradientView.swift in Sources */ = {isa = PBXBuildFile; fileRef = 883C3CB02964695000592905 /* BackgroundGlowGradientView.swift */; };
		883C3CB32965B74700592905 /* MiniDetailsRecipeView.swift in Sources */ = {isa = PBXBuildFile; fileRef = 883C3CB22965B74700592905 /* MiniDetailsRecipeView.swift */; };
		883C3CB72965B83600592905 /* DetailRecipeView.swift in Sources */ = {isa = PBXBuildFile; fileRef = 883C3CB62965B83500592905 /* DetailRecipeView.swift */; };
		883C3CB92965B84200592905 /* DetailRecipeViewModel.swift in Sources */ = {isa = PBXBuildFile; fileRef = 883C3CB82965B84200592905 /* DetailRecipeViewModel.swift */; };
		883C3CBB2965CF5300592905 /* MiniDetailsRecipeModel.swift in Sources */ = {isa = PBXBuildFile; fileRef = 883C3CBA2965CF5300592905 /* MiniDetailsRecipeModel.swift */; };
		883C3CC22966042500592905 /* TemplateMainView.swift in Sources */ = {isa = PBXBuildFile; fileRef = 883C3CC12966042500592905 /* TemplateMainView.swift */; };
		883C3CC42966048000592905 /* TemplateMainViewModel.swift in Sources */ = {isa = PBXBuildFile; fileRef = 883C3CC32966048000592905 /* TemplateMainViewModel.swift */; };
		883C3CC6296606D800592905 /* HomeView.swift in Sources */ = {isa = PBXBuildFile; fileRef = 883C3CC5296606D800592905 /* HomeView.swift */; };
		883C3CC8296606FE00592905 /* HomeViewModel.swift in Sources */ = {isa = PBXBuildFile; fileRef = 883C3CC7296606FE00592905 /* HomeViewModel.swift */; };
		885C8B6829990DFD00890EE8 /* FirebaseDocumentModel.swift in Sources */ = {isa = PBXBuildFile; fileRef = 885C8B6729990DFD00890EE8 /* FirebaseDocumentModel.swift */; };
		886323172993E6FC00DF637A /* AddMyPrivateRecipeView.swift in Sources */ = {isa = PBXBuildFile; fileRef = 886323162993E6FC00DF637A /* AddMyPrivateRecipeView.swift */; };
		886323192993E72000DF637A /* AddMyPrivateRecipeViewModel.swift in Sources */ = {isa = PBXBuildFile; fileRef = 886323182993E72000DF637A /* AddMyPrivateRecipeViewModel.swift */; };
		8863231B2993E7A400DF637A /* TextEditorView.swift in Sources */ = {isa = PBXBuildFile; fileRef = 8863231A2993E7A400DF637A /* TextEditorView.swift */; };
		8863231D2993EEA800DF637A /* PHPickerView.swift in Sources */ = {isa = PBXBuildFile; fileRef = 8863231C2993EEA800DF637A /* PHPickerView.swift */; };
		8863231F2993F5E900DF637A /* CategoryRecipeView.swift in Sources */ = {isa = PBXBuildFile; fileRef = 8863231E2993F5E900DF637A /* CategoryRecipeView.swift */; };
		886323232994169C00DF637A /* MyRecipeView.swift in Sources */ = {isa = PBXBuildFile; fileRef = 886323222994169C00DF637A /* MyRecipeView.swift */; };
		88632325299416B300DF637A /* MyRecipeViewModel.swift in Sources */ = {isa = PBXBuildFile; fileRef = 88632324299416B300DF637A /* MyRecipeViewModel.swift */; };
		88983CFC2969F06000091F03 /* GoogleService-Info.plist in Resources */ = {isa = PBXBuildFile; fileRef = 88983CFB2969F06000091F03 /* GoogleService-Info.plist */; };
		88983D22296DB64500091F03 /* RectangleCarouselCategoryView.swift in Sources */ = {isa = PBXBuildFile; fileRef = 88983D21296DB64500091F03 /* RectangleCarouselCategoryView.swift */; };
		88983D24296DB66B00091F03 /* RectangleCarouselCategoryViewModel.swift in Sources */ = {isa = PBXBuildFile; fileRef = 88983D23296DB66B00091F03 /* RectangleCarouselCategoryViewModel.swift */; };
		88EA713029716C5700FBB206 /* UserProfileView.swift in Sources */ = {isa = PBXBuildFile; fileRef = 88EA712F29716C5700FBB206 /* UserProfileView.swift */; };
		88EA713229716CB700FBB206 /* GradientForPictureProfileView.swift in Sources */ = {isa = PBXBuildFile; fileRef = 88EA713129716CB700FBB206 /* GradientForPictureProfileView.swift */; };
		88EA7134297173D400FBB206 /* UserProfileSettingsView.swift in Sources */ = {isa = PBXBuildFile; fileRef = 88EA7133297173D400FBB206 /* UserProfileSettingsView.swift */; };
		88EA7138297185EA00FBB206 /* ImageButtonWithGlowIconView.swift in Sources */ = {isa = PBXBuildFile; fileRef = 88EA7137297185EA00FBB206 /* ImageButtonWithGlowIconView.swift */; };
		88EA713A2971B27900FBB206 /* ImagePickerView.swift in Sources */ = {isa = PBXBuildFile; fileRef = 88EA71392971B27900FBB206 /* ImagePickerView.swift */; };
		88EA713C2972F4E000FBB206 /* AccountView.swift in Sources */ = {isa = PBXBuildFile; fileRef = 88EA713B2972F4E000FBB206 /* AccountView.swift */; };
		88EB4A7429644EE800A2936A /* RecipeAppApp.swift in Sources */ = {isa = PBXBuildFile; fileRef = 88EB4A7329644EE800A2936A /* RecipeAppApp.swift */; };
		88EB4A7829644EE900A2936A /* Assets.xcassets in Resources */ = {isa = PBXBuildFile; fileRef = 88EB4A7729644EE900A2936A /* Assets.xcassets */; };
		88EB4A7B29644EE900A2936A /* Preview Assets.xcassets in Resources */ = {isa = PBXBuildFile; fileRef = 88EB4A7A29644EE900A2936A /* Preview Assets.xcassets */; };
/* End PBXBuildFile section */

/* Begin PBXFileReference section */
		883BD69B297075D300F5BC70 /* SignUpView.swift */ = {isa = PBXFileReference; lastKnownFileType = sourcecode.swift; path = SignUpView.swift; sourceTree = "<group>"; };
		883BD69D2970763800F5BC70 /* ButtonWithGlowView.swift */ = {isa = PBXFileReference; lastKnownFileType = sourcecode.swift; path = ButtonWithGlowView.swift; sourceTree = "<group>"; };
		883C3C73296452AC00592905 /* Extensions.swift */ = {isa = PBXFileReference; lastKnownFileType = sourcecode.swift; path = Extensions.swift; sourceTree = "<group>"; };
		883C3C79296453FD00592905 /* RecipeFirebaseModel.swift */ = {isa = PBXFileReference; lastKnownFileType = sourcecode.swift; path = RecipeFirebaseModel.swift; sourceTree = "<group>"; };
		883C3C7D2964546C00592905 /* VisualEffectBlur.swift */ = {isa = PBXFileReference; lastKnownFileType = sourcecode.swift; path = VisualEffectBlur.swift; sourceTree = "<group>"; };
		883C3C82296454DC00592905 /* NetworkManager.swift */ = {isa = PBXFileReference; lastKnownFileType = sourcecode.swift; path = NetworkManager.swift; sourceTree = "<group>"; };
		883C3C84296454F700592905 /* FirebaseManager.swift */ = {isa = PBXFileReference; lastKnownFileType = sourcecode.swift; path = FirebaseManager.swift; sourceTree = "<group>"; };
		883C3C86296455A500592905 /* MainView.swift */ = {isa = PBXFileReference; lastKnownFileType = sourcecode.swift; path = MainView.swift; sourceTree = "<group>"; };
		883C3C8D296457E400592905 /* CategoriesRecipeEnum.swift */ = {isa = PBXFileReference; lastKnownFileType = sourcecode.swift; path = CategoriesRecipeEnum.swift; sourceTree = "<group>"; };
		883C3C902964582600592905 /* RecipeCategoryCarouselView.swift */ = {isa = PBXFileReference; lastKnownFileType = sourcecode.swift; path = RecipeCategoryCarouselView.swift; sourceTree = "<group>"; };
		883C3C922964587600592905 /* RecipeCategoryCarouselViewModel.swift */ = {isa = PBXFileReference; lastKnownFileType = sourcecode.swift; path = RecipeCategoryCarouselViewModel.swift; sourceTree = "<group>"; };
		883C3C9829645B3200592905 /* RecipeCard2View.swift */ = {isa = PBXFileReference; lastKnownFileType = sourcecode.swift; path = RecipeCard2View.swift; sourceTree = "<group>"; };
		883C3C9A29645B7700592905 /* RecipeCard2ViewModel.swift */ = {isa = PBXFileReference; lastKnownFileType = sourcecode.swift; path = RecipeCard2ViewModel.swift; sourceTree = "<group>"; };
		883C3C9C29645B9200592905 /* RecipeCard2Model.swift */ = {isa = PBXFileReference; lastKnownFileType = sourcecode.swift; path = RecipeCard2Model.swift; sourceTree = "<group>"; };
		883C3C9E29645C5A00592905 /* ListRecipeView.swift */ = {isa = PBXFileReference; lastKnownFileType = sourcecode.swift; path = ListRecipeView.swift; sourceTree = "<group>"; };
		883C3CA029645C6200592905 /* ListRecipeViewModel.swift */ = {isa = PBXFileReference; lastKnownFileType = sourcecode.swift; path = ListRecipeViewModel.swift; sourceTree = "<group>"; };
		883C3CA52964680300592905 /* CategoryListRecipeView.swift */ = {isa = PBXFileReference; lastKnownFileType = sourcecode.swift; path = CategoryListRecipeView.swift; sourceTree = "<group>"; };
		883C3CA72964682600592905 /* CategoryListRecipeViewModel.swift */ = {isa = PBXFileReference; lastKnownFileType = sourcecode.swift; path = CategoryListRecipeViewModel.swift; sourceTree = "<group>"; };
		883C3CA92964688E00592905 /* TextFieldWithGlowIconView.swift */ = {isa = PBXFileReference; lastKnownFileType = sourcecode.swift; path = TextFieldWithGlowIconView.swift; sourceTree = "<group>"; };
		883C3CAB296468A600592905 /* IconTextFieldView.swift */ = {isa = PBXFileReference; lastKnownFileType = sourcecode.swift; path = IconTextFieldView.swift; sourceTree = "<group>"; };
		883C3CB02964695000592905 /* BackgroundGlowGradientView.swift */ = {isa = PBXFileReference; lastKnownFileType = sourcecode.swift; name = BackgroundGlowGradientView.swift; path = ../../../../RecipeAppV1/RecipeApp/RecipeApp/HelpersViews/BackgroundGlowGradientView.swift; sourceTree = "<group>"; };
		883C3CB22965B74700592905 /* MiniDetailsRecipeView.swift */ = {isa = PBXFileReference; lastKnownFileType = sourcecode.swift; path = MiniDetailsRecipeView.swift; sourceTree = "<group>"; };
		883C3CB62965B83500592905 /* DetailRecipeView.swift */ = {isa = PBXFileReference; lastKnownFileType = sourcecode.swift; path = DetailRecipeView.swift; sourceTree = "<group>"; };
		883C3CB82965B84200592905 /* DetailRecipeViewModel.swift */ = {isa = PBXFileReference; lastKnownFileType = sourcecode.swift; path = DetailRecipeViewModel.swift; sourceTree = "<group>"; };
		883C3CBA2965CF5300592905 /* MiniDetailsRecipeModel.swift */ = {isa = PBXFileReference; lastKnownFileType = sourcecode.swift; path = MiniDetailsRecipeModel.swift; sourceTree = "<group>"; };
		883C3CC12966042500592905 /* TemplateMainView.swift */ = {isa = PBXFileReference; lastKnownFileType = sourcecode.swift; path = TemplateMainView.swift; sourceTree = "<group>"; };
		883C3CC32966048000592905 /* TemplateMainViewModel.swift */ = {isa = PBXFileReference; lastKnownFileType = sourcecode.swift; path = TemplateMainViewModel.swift; sourceTree = "<group>"; };
		883C3CC5296606D800592905 /* HomeView.swift */ = {isa = PBXFileReference; lastKnownFileType = sourcecode.swift; path = HomeView.swift; sourceTree = "<group>"; };
		883C3CC7296606FE00592905 /* HomeViewModel.swift */ = {isa = PBXFileReference; lastKnownFileType = sourcecode.swift; path = HomeViewModel.swift; sourceTree = "<group>"; };
		885C8B6729990DFD00890EE8 /* FirebaseDocumentModel.swift */ = {isa = PBXFileReference; lastKnownFileType = sourcecode.swift; path = FirebaseDocumentModel.swift; sourceTree = "<group>"; };
		886323162993E6FC00DF637A /* AddMyPrivateRecipeView.swift */ = {isa = PBXFileReference; lastKnownFileType = sourcecode.swift; path = AddMyPrivateRecipeView.swift; sourceTree = "<group>"; };
		886323182993E72000DF637A /* AddMyPrivateRecipeViewModel.swift */ = {isa = PBXFileReference; lastKnownFileType = sourcecode.swift; path = AddMyPrivateRecipeViewModel.swift; sourceTree = "<group>"; };
		8863231A2993E7A400DF637A /* TextEditorView.swift */ = {isa = PBXFileReference; lastKnownFileType = sourcecode.swift; path = TextEditorView.swift; sourceTree = "<group>"; };
		8863231C2993EEA800DF637A /* PHPickerView.swift */ = {isa = PBXFileReference; lastKnownFileType = sourcecode.swift; path = PHPickerView.swift; sourceTree = "<group>"; };
		8863231E2993F5E900DF637A /* CategoryRecipeView.swift */ = {isa = PBXFileReference; lastKnownFileType = sourcecode.swift; path = CategoryRecipeView.swift; sourceTree = "<group>"; };
		886323222994169C00DF637A /* MyRecipeView.swift */ = {isa = PBXFileReference; lastKnownFileType = sourcecode.swift; path = MyRecipeView.swift; sourceTree = "<group>"; };
		88632324299416B300DF637A /* MyRecipeViewModel.swift */ = {isa = PBXFileReference; lastKnownFileType = sourcecode.swift; path = MyRecipeViewModel.swift; sourceTree = "<group>"; };
		88983CFB2969F06000091F03 /* GoogleService-Info.plist */ = {isa = PBXFileReference; fileEncoding = 4; lastKnownFileType = text.plist.xml; path = "GoogleService-Info.plist"; sourceTree = "<group>"; };
		88983D21296DB64500091F03 /* RectangleCarouselCategoryView.swift */ = {isa = PBXFileReference; lastKnownFileType = sourcecode.swift; path = RectangleCarouselCategoryView.swift; sourceTree = "<group>"; };
		88983D23296DB66B00091F03 /* RectangleCarouselCategoryViewModel.swift */ = {isa = PBXFileReference; lastKnownFileType = sourcecode.swift; path = RectangleCarouselCategoryViewModel.swift; sourceTree = "<group>"; };
		88EA712F29716C5700FBB206 /* UserProfileView.swift */ = {isa = PBXFileReference; lastKnownFileType = sourcecode.swift; path = UserProfileView.swift; sourceTree = "<group>"; };
		88EA713129716CB700FBB206 /* GradientForPictureProfileView.swift */ = {isa = PBXFileReference; lastKnownFileType = sourcecode.swift; path = GradientForPictureProfileView.swift; sourceTree = "<group>"; };
		88EA7133297173D400FBB206 /* UserProfileSettingsView.swift */ = {isa = PBXFileReference; lastKnownFileType = sourcecode.swift; path = UserProfileSettingsView.swift; sourceTree = "<group>"; };
		88EA7137297185EA00FBB206 /* ImageButtonWithGlowIconView.swift */ = {isa = PBXFileReference; lastKnownFileType = sourcecode.swift; path = ImageButtonWithGlowIconView.swift; sourceTree = "<group>"; };
		88EA71392971B27900FBB206 /* ImagePickerView.swift */ = {isa = PBXFileReference; lastKnownFileType = sourcecode.swift; path = ImagePickerView.swift; sourceTree = "<group>"; };
		88EA713B2972F4E000FBB206 /* AccountView.swift */ = {isa = PBXFileReference; lastKnownFileType = sourcecode.swift; path = AccountView.swift; sourceTree = "<group>"; };
		88EB4A7029644EE800A2936A /* RecipeApp.app */ = {isa = PBXFileReference; explicitFileType = wrapper.application; includeInIndex = 0; path = RecipeApp.app; sourceTree = BUILT_PRODUCTS_DIR; };
		88EB4A7329644EE800A2936A /* RecipeAppApp.swift */ = {isa = PBXFileReference; lastKnownFileType = sourcecode.swift; path = RecipeAppApp.swift; sourceTree = "<group>"; };
		88EB4A7729644EE900A2936A /* Assets.xcassets */ = {isa = PBXFileReference; lastKnownFileType = folder.assetcatalog; path = Assets.xcassets; sourceTree = "<group>"; };
		88EB4A7A29644EE900A2936A /* Preview Assets.xcassets */ = {isa = PBXFileReference; lastKnownFileType = folder.assetcatalog; path = "Preview Assets.xcassets"; sourceTree = "<group>"; };
/* End PBXFileReference section */

/* Begin PBXFrameworksBuildPhase section */
		88EB4A6D29644EE800A2936A /* Frameworks */ = {
			isa = PBXFrameworksBuildPhase;
			buildActionMask = 2147483647;
			files = (
				883C3C6E2964522400592905 /* FirebaseDatabase in Frameworks */,
				883C3C722964522400592905 /* FirebaseStorage in Frameworks */,
				883C3C6C2964522400592905 /* FirebaseAuth in Frameworks */,
				883C3C702964522400592905 /* FirebaseFirestore in Frameworks */,
			);
			runOnlyForDeploymentPostprocessing = 0;
		};
/* End PBXFrameworksBuildPhase section */

/* Begin PBXGroup section */
		883BD6992970756400F5BC70 /* AccountViews */ = {
			isa = PBXGroup;
			children = (
				883BD69A297075BC00F5BC70 /* SignUpView */,
				883BD69F2970791600F5BC70 /* AccountView */,
				883BD6A02970793D00F5BC70 /* UserProfileView */,
				886323152993E68400DF637A /* AddMyPrivateRecipeView */,
				883BD6A529707F0E00F5BC70 /* UserProfileSettingsView */,
			);
			path = AccountViews;
			sourceTree = "<group>";
		};
		883BD69A297075BC00F5BC70 /* SignUpView */ = {
			isa = PBXGroup;
			children = (
				883BD69B297075D300F5BC70 /* SignUpView.swift */,
			);
			path = SignUpView;
			sourceTree = "<group>";
		};
		883BD69F2970791600F5BC70 /* AccountView */ = {
			isa = PBXGroup;
			children = (
				88EA713B2972F4E000FBB206 /* AccountView.swift */,
			);
			path = AccountView;
			sourceTree = "<group>";
		};
		883BD6A02970793D00F5BC70 /* UserProfileView */ = {
			isa = PBXGroup;
			children = (
				88EA712F29716C5700FBB206 /* UserProfileView.swift */,
				88EA713129716CB700FBB206 /* GradientForPictureProfileView.swift */,
			);
			path = UserProfileView;
			sourceTree = "<group>";
		};
		883BD6A529707F0E00F5BC70 /* UserProfileSettingsView */ = {
			isa = PBXGroup;
			children = (
				88EA7133297173D400FBB206 /* UserProfileSettingsView.swift */,
			);
			path = UserProfileSettingsView;
			sourceTree = "<group>";
		};
		883C3C75296452AF00592905 /* Extensions */ = {
			isa = PBXGroup;
			children = (
				883C3C73296452AC00592905 /* Extensions.swift */,
			);
			path = Extensions;
			sourceTree = "<group>";
		};
		883C3C76296452D500592905 /* PlistFile */ = {
			isa = PBXGroup;
			children = (
				88983CFB2969F06000091F03 /* GoogleService-Info.plist */,
			);
			path = PlistFile;
			sourceTree = "<group>";
		};
		883C3C7B2964540700592905 /* NetworkModels */ = {
			isa = PBXGroup;
			children = (
				883C3C79296453FD00592905 /* RecipeFirebaseModel.swift */,
				885C8B6729990DFD00890EE8 /* FirebaseDocumentModel.swift */,
			);
			path = NetworkModels;
			sourceTree = "<group>";
		};
		883C3C7C2964544D00592905 /* Graphics */ = {
			isa = PBXGroup;
			children = (
				883C3C7D2964546C00592905 /* VisualEffectBlur.swift */,
			);
			path = Graphics;
			sourceTree = "<group>";
		};
		883C3C7F296454A400592905 /* Managers */ = {
			isa = PBXGroup;
			children = (
				883C3C80296454B400592905 /* NetworkManager */,
				883C3C81296454BE00592905 /* FirebaseManager */,
			);
			path = Managers;
			sourceTree = "<group>";
		};
		883C3C80296454B400592905 /* NetworkManager */ = {
			isa = PBXGroup;
			children = (
				883C3C82296454DC00592905 /* NetworkManager.swift */,
			);
			path = NetworkManager;
			sourceTree = "<group>";
		};
		883C3C81296454BE00592905 /* FirebaseManager */ = {
			isa = PBXGroup;
			children = (
				883C3C84296454F700592905 /* FirebaseManager.swift */,
			);
			path = FirebaseManager;
			sourceTree = "<group>";
		};
		883C3C88296455AB00592905 /* MainView */ = {
			isa = PBXGroup;
			children = (
				883C3C86296455A500592905 /* MainView.swift */,
			);
			path = MainView;
			sourceTree = "<group>";
		};
		883C3C892964572100592905 /* HelpersView */ = {
			isa = PBXGroup;
			children = (
				88EA71392971B27900FBB206 /* ImagePickerView.swift */,
				8863231C2993EEA800DF637A /* PHPickerView.swift */,
				883C3CB02964695000592905 /* BackgroundGlowGradientView.swift */,
				883C3CAB296468A600592905 /* IconTextFieldView.swift */,
				883C3CA92964688E00592905 /* TextFieldWithGlowIconView.swift */,
				88EA7137297185EA00FBB206 /* ImageButtonWithGlowIconView.swift */,
				883BD69D2970763800F5BC70 /* ButtonWithGlowView.swift */,
				8863231A2993E7A400DF637A /* TextEditorView.swift */,
			);
			path = HelpersView;
			sourceTree = "<group>";
		};
		883C3C8C296457BE00592905 /* CategoryViews */ = {
			isa = PBXGroup;
			children = (
				883C3C8D296457E400592905 /* CategoriesRecipeEnum.swift */,
				8863231E2993F5E900DF637A /* CategoryRecipeView.swift */,
				883C3C8F2964580D00592905 /* RecipeCategoryCarouselView */,
				88983D20296DB5DE00091F03 /* RectangleCarouselCategoryView */,
			);
			path = CategoryViews;
			sourceTree = "<group>";
		};
		883C3C8F2964580D00592905 /* RecipeCategoryCarouselView */ = {
			isa = PBXGroup;
			children = (
				883C3C902964582600592905 /* RecipeCategoryCarouselView.swift */,
				883C3C922964587600592905 /* RecipeCategoryCarouselViewModel.swift */,
			);
			path = RecipeCategoryCarouselView;
			sourceTree = "<group>";
		};
		883C3C9429645A4300592905 /* ListRecipeView */ = {
			isa = PBXGroup;
			children = (
				883C3C9E29645C5A00592905 /* ListRecipeView.swift */,
				883C3CA029645C6200592905 /* ListRecipeViewModel.swift */,
			);
			path = ListRecipeView;
			sourceTree = "<group>";
		};
		883C3C9729645B1900592905 /* RecipeCardView */ = {
			isa = PBXGroup;
			children = (
				883C3C9829645B3200592905 /* RecipeCard2View.swift */,
				883C3C9A29645B7700592905 /* RecipeCard2ViewModel.swift */,
				883C3C9C29645B9200592905 /* RecipeCard2Model.swift */,
			);
			path = RecipeCardView;
			sourceTree = "<group>";
		};
		883C3CA229645EB700592905 /* DetailRecipeView */ = {
			isa = PBXGroup;
			children = (
				883C3CB62965B83500592905 /* DetailRecipeView.swift */,
				883C3CB82965B84200592905 /* DetailRecipeViewModel.swift */,
				883C3CA329645EC600592905 /* MiniDetailsRecipeView */,
			);
			path = DetailRecipeView;
			sourceTree = "<group>";
		};
		883C3CA329645EC600592905 /* MiniDetailsRecipeView */ = {
			isa = PBXGroup;
			children = (
				883C3CB22965B74700592905 /* MiniDetailsRecipeView.swift */,
				883C3CBA2965CF5300592905 /* MiniDetailsRecipeModel.swift */,
			);
			path = MiniDetailsRecipeView;
			sourceTree = "<group>";
		};
		883C3CA42964601500592905 /* CategoryListRecipeView */ = {
			isa = PBXGroup;
			children = (
				883C3CA52964680300592905 /* CategoryListRecipeView.swift */,
				883C3CA72964682600592905 /* CategoryListRecipeViewModel.swift */,
			);
			path = CategoryListRecipeView;
			sourceTree = "<group>";
		};
		883C3CBC2965D01200592905 /* TabRecipeViews */ = {
			isa = PBXGroup;
			children = (
				883C3CBD2965D03700592905 /* HomeView */,
				886323212994036100DF637A /* MyRecipeView */,
				883C3CBF2965D4C500592905 /* HelperViews */,
			);
			path = TabRecipeViews;
			sourceTree = "<group>";
		};
		883C3CBD2965D03700592905 /* HomeView */ = {
			isa = PBXGroup;
			children = (
				883C3CC5296606D800592905 /* HomeView.swift */,
				883C3CC7296606FE00592905 /* HomeViewModel.swift */,
			);
			path = HomeView;
			sourceTree = "<group>";
		};
		883C3CBE2965D06A00592905 /* TemplateMainView */ = {
			isa = PBXGroup;
			children = (
				883C3CC12966042500592905 /* TemplateMainView.swift */,
				883C3CC32966048000592905 /* TemplateMainViewModel.swift */,
			);
			path = TemplateMainView;
			sourceTree = "<group>";
		};
		883C3CBF2965D4C500592905 /* HelperViews */ = {
			isa = PBXGroup;
			children = (
				883C3CBE2965D06A00592905 /* TemplateMainView */,
			);
			path = HelperViews;
			sourceTree = "<group>";
		};
		886323152993E68400DF637A /* AddMyPrivateRecipeView */ = {
			isa = PBXGroup;
			children = (
				886323162993E6FC00DF637A /* AddMyPrivateRecipeView.swift */,
				886323182993E72000DF637A /* AddMyPrivateRecipeViewModel.swift */,
			);
			path = AddMyPrivateRecipeView;
			sourceTree = "<group>";
		};
		886323212994036100DF637A /* MyRecipeView */ = {
			isa = PBXGroup;
			children = (
				886323222994169C00DF637A /* MyRecipeView.swift */,
				88632324299416B300DF637A /* MyRecipeViewModel.swift */,
			);
			path = MyRecipeView;
			sourceTree = "<group>";
		};
		88983D20296DB5DE00091F03 /* RectangleCarouselCategoryView */ = {
			isa = PBXGroup;
			children = (
				88983D21296DB64500091F03 /* RectangleCarouselCategoryView.swift */,
				88983D23296DB66B00091F03 /* RectangleCarouselCategoryViewModel.swift */,
			);
			path = RectangleCarouselCategoryView;
			sourceTree = "<group>";
		};
		88EB4A6729644EE800A2936A = {
			isa = PBXGroup;
			children = (
				88EB4A7229644EE800A2936A /* RecipeApp */,
				88EB4A7129644EE800A2936A /* Products */,
			);
			sourceTree = "<group>";
		};
		88EB4A7129644EE800A2936A /* Products */ = {
			isa = PBXGroup;
			children = (
				88EB4A7029644EE800A2936A /* RecipeApp.app */,
			);
			name = Products;
			sourceTree = "<group>";
		};
		88EB4A7229644EE800A2936A /* RecipeApp */ = {
			isa = PBXGroup;
			children = (
				88EB4A7329644EE800A2936A /* RecipeAppApp.swift */,
				883C3C88296455AB00592905 /* MainView */,
				883C3CBC2965D01200592905 /* TabRecipeViews */,
				883C3CA229645EB700592905 /* DetailRecipeView */,
				883C3C9729645B1900592905 /* RecipeCardView */,
				883C3CA42964601500592905 /* CategoryListRecipeView */,
				883C3C9429645A4300592905 /* ListRecipeView */,
				883C3C8C296457BE00592905 /* CategoryViews */,
				883BD6992970756400F5BC70 /* AccountViews */,
				883C3C892964572100592905 /* HelpersView */,
				883C3C7F296454A400592905 /* Managers */,
				883C3C7B2964540700592905 /* NetworkModels */,
				883C3C75296452AF00592905 /* Extensions */,
				883C3C7C2964544D00592905 /* Graphics */,
				88EB4A7929644EE900A2936A /* Preview Content */,
				883C3C76296452D500592905 /* PlistFile */,
			);
			path = RecipeApp;
			sourceTree = "<group>";
		};
		88EB4A7929644EE900A2936A /* Preview Content */ = {
			isa = PBXGroup;
			children = (
				88EB4A7A29644EE900A2936A /* Preview Assets.xcassets */,
				88EB4A7729644EE900A2936A /* Assets.xcassets */,
			);
			path = "Preview Content";
			sourceTree = "<group>";
		};
/* End PBXGroup section */

/* Begin PBXNativeTarget section */
		88EB4A6F29644EE800A2936A /* RecipeApp */ = {
			isa = PBXNativeTarget;
			buildConfigurationList = 88EB4A7E29644EE900A2936A /* Build configuration list for PBXNativeTarget "RecipeApp" */;
			buildPhases = (
				88EB4A6C29644EE800A2936A /* Sources */,
				88EB4A6D29644EE800A2936A /* Frameworks */,
				88EB4A6E29644EE800A2936A /* Resources */,
			);
			buildRules = (
			);
			dependencies = (
			);
			name = RecipeApp;
			packageProductDependencies = (
				883C3C6B2964522400592905 /* FirebaseAuth */,
				883C3C6D2964522400592905 /* FirebaseDatabase */,
				883C3C6F2964522400592905 /* FirebaseFirestore */,
				883C3C712964522400592905 /* FirebaseStorage */,
			);
			productName = RecipeApp;
			productReference = 88EB4A7029644EE800A2936A /* RecipeApp.app */;
			productType = "com.apple.product-type.application";
		};
/* End PBXNativeTarget section */

/* Begin PBXProject section */
		88EB4A6829644EE800A2936A /* Project object */ = {
			isa = PBXProject;
			attributes = {
				BuildIndependentTargetsInParallel = 1;
				LastSwiftUpdateCheck = 1340;
				LastUpgradeCheck = 1340;
				TargetAttributes = {
					88EB4A6F29644EE800A2936A = {
						CreatedOnToolsVersion = 13.4.1;
					};
				};
			};
			buildConfigurationList = 88EB4A6B29644EE800A2936A /* Build configuration list for PBXProject "RecipeApp" */;
			compatibilityVersion = "Xcode 13.0";
			developmentRegion = en;
			hasScannedForEncodings = 0;
			knownRegions = (
				en,
				Base,
			);
			mainGroup = 88EB4A6729644EE800A2936A;
			packageReferences = (
				883C3C6A2964522400592905 /* XCRemoteSwiftPackageReference "firebase-ios-sdk" */,
			);
			productRefGroup = 88EB4A7129644EE800A2936A /* Products */;
			projectDirPath = "";
			projectRoot = "";
			targets = (
				88EB4A6F29644EE800A2936A /* RecipeApp */,
			);
		};
/* End PBXProject section */

/* Begin PBXResourcesBuildPhase section */
		88EB4A6E29644EE800A2936A /* Resources */ = {
			isa = PBXResourcesBuildPhase;
			buildActionMask = 2147483647;
			files = (
				88EB4A7B29644EE900A2936A /* Preview Assets.xcassets in Resources */,
				88EB4A7829644EE900A2936A /* Assets.xcassets in Resources */,
				88983CFC2969F06000091F03 /* GoogleService-Info.plist in Resources */,
			);
			runOnlyForDeploymentPostprocessing = 0;
		};
/* End PBXResourcesBuildPhase section */

/* Begin PBXSourcesBuildPhase section */
		88EB4A6C29644EE800A2936A /* Sources */ = {
			isa = PBXSourcesBuildPhase;
			buildActionMask = 2147483647;
			files = (
				883C3CC6296606D800592905 /* HomeView.swift in Sources */,
				883C3C83296454DC00592905 /* NetworkManager.swift in Sources */,
				883C3C87296455A500592905 /* MainView.swift in Sources */,
				883C3C9B29645B7700592905 /* RecipeCard2ViewModel.swift in Sources */,
				88983D24296DB66B00091F03 /* RectangleCarouselCategoryViewModel.swift in Sources */,
				883C3CC22966042500592905 /* TemplateMainView.swift in Sources */,
				886323192993E72000DF637A /* AddMyPrivateRecipeViewModel.swift in Sources */,
				88983D22296DB64500091F03 /* RectangleCarouselCategoryView.swift in Sources */,
				88EA713029716C5700FBB206 /* UserProfileView.swift in Sources */,
				883C3C912964582600592905 /* RecipeCategoryCarouselView.swift in Sources */,
				88632325299416B300DF637A /* MyRecipeViewModel.swift in Sources */,
				883C3CC42966048000592905 /* TemplateMainViewModel.swift in Sources */,
				883C3CA129645C6200592905 /* ListRecipeViewModel.swift in Sources */,
				883C3CB92965B84200592905 /* DetailRecipeViewModel.swift in Sources */,
				883C3C9929645B3200592905 /* RecipeCard2View.swift in Sources */,
				886323172993E6FC00DF637A /* AddMyPrivateRecipeView.swift in Sources */,
				883C3C7E2964546C00592905 /* VisualEffectBlur.swift in Sources */,
				883C3CA62964680300592905 /* CategoryListRecipeView.swift in Sources */,
				883C3CAA2964688E00592905 /* TextFieldWithGlowIconView.swift in Sources */,
				883C3CB12964695000592905 /* BackgroundGlowGradientView.swift in Sources */,
				88EA7134297173D400FBB206 /* UserProfileSettingsView.swift in Sources */,
				883BD69C297075D300F5BC70 /* SignUpView.swift in Sources */,
				88EA713A2971B27900FBB206 /* ImagePickerView.swift in Sources */,
				886323232994169C00DF637A /* MyRecipeView.swift in Sources */,
				883C3CB32965B74700592905 /* MiniDetailsRecipeView.swift in Sources */,
				88EA713229716CB700FBB206 /* GradientForPictureProfileView.swift in Sources */,
				883C3CA82964682600592905 /* CategoryListRecipeViewModel.swift in Sources */,
				883C3C9D29645B9200592905 /* RecipeCard2Model.swift in Sources */,
				8863231D2993EEA800DF637A /* PHPickerView.swift in Sources */,
				883C3CAC296468A600592905 /* IconTextFieldView.swift in Sources */,
				883C3C932964587600592905 /* RecipeCategoryCarouselViewModel.swift in Sources */,
				883C3C8E296457E400592905 /* CategoriesRecipeEnum.swift in Sources */,
				8863231B2993E7A400DF637A /* TextEditorView.swift in Sources */,
				8863231F2993F5E900DF637A /* CategoryRecipeView.swift in Sources */,
				883C3C85296454F700592905 /* FirebaseManager.swift in Sources */,
				885C8B6829990DFD00890EE8 /* FirebaseDocumentModel.swift in Sources */,
				883C3C74296452AC00592905 /* Extensions.swift in Sources */,
				883C3CBB2965CF5300592905 /* MiniDetailsRecipeModel.swift in Sources */,
				883C3CC8296606FE00592905 /* HomeViewModel.swift in Sources */,
				883C3CB72965B83600592905 /* DetailRecipeView.swift in Sources */,
				88EA713C2972F4E000FBB206 /* AccountView.swift in Sources */,
				883C3C7A296453FD00592905 /* RecipeFirebaseModel.swift in Sources */,
				88EA7138297185EA00FBB206 /* ImageButtonWithGlowIconView.swift in Sources */,
				88EB4A7429644EE800A2936A /* RecipeAppApp.swift in Sources */,
				883C3C9F29645C5A00592905 /* ListRecipeView.swift in Sources */,
				883BD69E2970763800F5BC70 /* ButtonWithGlowView.swift in Sources */,
			);
			runOnlyForDeploymentPostprocessing = 0;
		};
/* End PBXSourcesBuildPhase section */

/* Begin XCBuildConfiguration section */
		88EB4A7C29644EE900A2936A /* Debug */ = {
			isa = XCBuildConfiguration;
			buildSettings = {
				ALWAYS_SEARCH_USER_PATHS = NO;
				CLANG_ANALYZER_NONNULL = YES;
				CLANG_ANALYZER_NUMBER_OBJECT_CONVERSION = YES_AGGRESSIVE;
				CLANG_CXX_LANGUAGE_STANDARD = "gnu++17";
				CLANG_ENABLE_MODULES = YES;
				CLANG_ENABLE_OBJC_ARC = YES;
				CLANG_ENABLE_OBJC_WEAK = YES;
				CLANG_WARN_BLOCK_CAPTURE_AUTORELEASING = YES;
				CLANG_WARN_BOOL_CONVERSION = YES;
				CLANG_WARN_COMMA = YES;
				CLANG_WARN_CONSTANT_CONVERSION = YES;
				CLANG_WARN_DEPRECATED_OBJC_IMPLEMENTATIONS = YES;
				CLANG_WARN_DIRECT_OBJC_ISA_USAGE = YES_ERROR;
				CLANG_WARN_DOCUMENTATION_COMMENTS = YES;
				CLANG_WARN_EMPTY_BODY = YES;
				CLANG_WARN_ENUM_CONVERSION = YES;
				CLANG_WARN_INFINITE_RECURSION = YES;
				CLANG_WARN_INT_CONVERSION = YES;
				CLANG_WARN_NON_LITERAL_NULL_CONVERSION = YES;
				CLANG_WARN_OBJC_IMPLICIT_RETAIN_SELF = YES;
				CLANG_WARN_OBJC_LITERAL_CONVERSION = YES;
				CLANG_WARN_OBJC_ROOT_CLASS = YES_ERROR;
				CLANG_WARN_QUOTED_INCLUDE_IN_FRAMEWORK_HEADER = YES;
				CLANG_WARN_RANGE_LOOP_ANALYSIS = YES;
				CLANG_WARN_STRICT_PROTOTYPES = YES;
				CLANG_WARN_SUSPICIOUS_MOVE = YES;
				CLANG_WARN_UNGUARDED_AVAILABILITY = YES_AGGRESSIVE;
				CLANG_WARN_UNREACHABLE_CODE = YES;
				CLANG_WARN__DUPLICATE_METHOD_MATCH = YES;
				COPY_PHASE_STRIP = NO;
				DEBUG_INFORMATION_FORMAT = dwarf;
				ENABLE_STRICT_OBJC_MSGSEND = YES;
				ENABLE_TESTABILITY = YES;
				GCC_C_LANGUAGE_STANDARD = gnu11;
				GCC_DYNAMIC_NO_PIC = NO;
				GCC_NO_COMMON_BLOCKS = YES;
				GCC_OPTIMIZATION_LEVEL = 0;
				GCC_PREPROCESSOR_DEFINITIONS = (
					"DEBUG=1",
					"$(inherited)",
				);
				GCC_WARN_64_TO_32_BIT_CONVERSION = YES;
				GCC_WARN_ABOUT_RETURN_TYPE = YES_ERROR;
				GCC_WARN_UNDECLARED_SELECTOR = YES;
				GCC_WARN_UNINITIALIZED_AUTOS = YES_AGGRESSIVE;
				GCC_WARN_UNUSED_FUNCTION = YES;
				GCC_WARN_UNUSED_VARIABLE = YES;
				IPHONEOS_DEPLOYMENT_TARGET = 15.5;
				MTL_ENABLE_DEBUG_INFO = INCLUDE_SOURCE;
				MTL_FAST_MATH = YES;
				ONLY_ACTIVE_ARCH = YES;
				SDKROOT = iphoneos;
				SWIFT_ACTIVE_COMPILATION_CONDITIONS = DEBUG;
				SWIFT_OPTIMIZATION_LEVEL = "-Onone";
			};
			name = Debug;
		};
		88EB4A7D29644EE900A2936A /* Release */ = {
			isa = XCBuildConfiguration;
			buildSettings = {
				ALWAYS_SEARCH_USER_PATHS = NO;
				CLANG_ANALYZER_NONNULL = YES;
				CLANG_ANALYZER_NUMBER_OBJECT_CONVERSION = YES_AGGRESSIVE;
				CLANG_CXX_LANGUAGE_STANDARD = "gnu++17";
				CLANG_ENABLE_MODULES = YES;
				CLANG_ENABLE_OBJC_ARC = YES;
				CLANG_ENABLE_OBJC_WEAK = YES;
				CLANG_WARN_BLOCK_CAPTURE_AUTORELEASING = YES;
				CLANG_WARN_BOOL_CONVERSION = YES;
				CLANG_WARN_COMMA = YES;
				CLANG_WARN_CONSTANT_CONVERSION = YES;
				CLANG_WARN_DEPRECATED_OBJC_IMPLEMENTATIONS = YES;
				CLANG_WARN_DIRECT_OBJC_ISA_USAGE = YES_ERROR;
				CLANG_WARN_DOCUMENTATION_COMMENTS = YES;
				CLANG_WARN_EMPTY_BODY = YES;
				CLANG_WARN_ENUM_CONVERSION = YES;
				CLANG_WARN_INFINITE_RECURSION = YES;
				CLANG_WARN_INT_CONVERSION = YES;
				CLANG_WARN_NON_LITERAL_NULL_CONVERSION = YES;
				CLANG_WARN_OBJC_IMPLICIT_RETAIN_SELF = YES;
				CLANG_WARN_OBJC_LITERAL_CONVERSION = YES;
				CLANG_WARN_OBJC_ROOT_CLASS = YES_ERROR;
				CLANG_WARN_QUOTED_INCLUDE_IN_FRAMEWORK_HEADER = YES;
				CLANG_WARN_RANGE_LOOP_ANALYSIS = YES;
				CLANG_WARN_STRICT_PROTOTYPES = YES;
				CLANG_WARN_SUSPICIOUS_MOVE = YES;
				CLANG_WARN_UNGUARDED_AVAILABILITY = YES_AGGRESSIVE;
				CLANG_WARN_UNREACHABLE_CODE = YES;
				CLANG_WARN__DUPLICATE_METHOD_MATCH = YES;
				COPY_PHASE_STRIP = NO;
				DEBUG_INFORMATION_FORMAT = "dwarf-with-dsym";
				ENABLE_NS_ASSERTIONS = NO;
				ENABLE_STRICT_OBJC_MSGSEND = YES;
				GCC_C_LANGUAGE_STANDARD = gnu11;
				GCC_NO_COMMON_BLOCKS = YES;
				GCC_WARN_64_TO_32_BIT_CONVERSION = YES;
				GCC_WARN_ABOUT_RETURN_TYPE = YES_ERROR;
				GCC_WARN_UNDECLARED_SELECTOR = YES;
				GCC_WARN_UNINITIALIZED_AUTOS = YES_AGGRESSIVE;
				GCC_WARN_UNUSED_FUNCTION = YES;
				GCC_WARN_UNUSED_VARIABLE = YES;
				IPHONEOS_DEPLOYMENT_TARGET = 15.5;
				MTL_ENABLE_DEBUG_INFO = NO;
				MTL_FAST_MATH = YES;
				SDKROOT = iphoneos;
				SWIFT_COMPILATION_MODE = wholemodule;
				SWIFT_OPTIMIZATION_LEVEL = "-O";
				VALIDATE_PRODUCT = YES;
			};
			name = Release;
		};
		88EB4A7F29644EE900A2936A /* Debug */ = {
			isa = XCBuildConfiguration;
			buildSettings = {
				ASSETCATALOG_COMPILER_APPICON_NAME = AppIcon;
				ASSETCATALOG_COMPILER_GLOBAL_ACCENT_COLOR_NAME = AccentColor;
				CODE_SIGN_STYLE = Automatic;
				CURRENT_PROJECT_VERSION = 1;
				DEVELOPMENT_ASSET_PATHS = "\"RecipeApp/Preview Content\"";
				DEVELOPMENT_TEAM = 5H4375MA33;
				ENABLE_PREVIEWS = YES;
				GENERATE_INFOPLIST_FILE = YES;
				INFOPLIST_KEY_UIApplicationSceneManifest_Generation = YES;
				INFOPLIST_KEY_UIApplicationSupportsIndirectInputEvents = YES;
				INFOPLIST_KEY_UILaunchScreen_Generation = YES;
				INFOPLIST_KEY_UISupportedInterfaceOrientations_iPad = "UIInterfaceOrientationPortrait UIInterfaceOrientationPortraitUpsideDown UIInterfaceOrientationLandscapeLeft UIInterfaceOrientationLandscapeRight";
				INFOPLIST_KEY_UISupportedInterfaceOrientations_iPhone = "UIInterfaceOrientationPortrait UIInterfaceOrientationLandscapeLeft UIInterfaceOrientationLandscapeRight";
				LD_RUNPATH_SEARCH_PATHS = (
					"$(inherited)",
					"@executable_path/Frameworks",
				);
				MARKETING_VERSION = 1.0;
				PRODUCT_BUNDLE_IDENTIFIER = com.alexeyodnolko.RecipeApp;
				PRODUCT_NAME = "$(TARGET_NAME)";
				SWIFT_EMIT_LOC_STRINGS = YES;
				SWIFT_VERSION = 5.0;
				TARGETED_DEVICE_FAMILY = "1,2";
			};
			name = Debug;
		};
		88EB4A8029644EE900A2936A /* Release */ = {
			isa = XCBuildConfiguration;
			buildSettings = {
				ASSETCATALOG_COMPILER_APPICON_NAME = AppIcon;
				ASSETCATALOG_COMPILER_GLOBAL_ACCENT_COLOR_NAME = AccentColor;
				CODE_SIGN_STYLE = Automatic;
				CURRENT_PROJECT_VERSION = 1;
				DEVELOPMENT_ASSET_PATHS = "\"RecipeApp/Preview Content\"";
				DEVELOPMENT_TEAM = 5H4375MA33;
				ENABLE_PREVIEWS = YES;
				GENERATE_INFOPLIST_FILE = YES;
				INFOPLIST_KEY_UIApplicationSceneManifest_Generation = YES;
				INFOPLIST_KEY_UIApplicationSupportsIndirectInputEvents = YES;
				INFOPLIST_KEY_UILaunchScreen_Generation = YES;
				INFOPLIST_KEY_UISupportedInterfaceOrientations_iPad = "UIInterfaceOrientationPortrait UIInterfaceOrientationPortraitUpsideDown UIInterfaceOrientationLandscapeLeft UIInterfaceOrientationLandscapeRight";
				INFOPLIST_KEY_UISupportedInterfaceOrientations_iPhone = "UIInterfaceOrientationPortrait UIInterfaceOrientationLandscapeLeft UIInterfaceOrientationLandscapeRight";
				LD_RUNPATH_SEARCH_PATHS = (
					"$(inherited)",
					"@executable_path/Frameworks",
				);
				MARKETING_VERSION = 1.0;
				PRODUCT_BUNDLE_IDENTIFIER = com.alexeyodnolko.RecipeApp;
				PRODUCT_NAME = "$(TARGET_NAME)";
				SWIFT_EMIT_LOC_STRINGS = YES;
				SWIFT_VERSION = 5.0;
				TARGETED_DEVICE_FAMILY = "1,2";
			};
			name = Release;
		};
/* End XCBuildConfiguration section */

/* Begin XCConfigurationList section */
		88EB4A6B29644EE800A2936A /* Build configuration list for PBXProject "RecipeApp" */ = {
			isa = XCConfigurationList;
			buildConfigurations = (
				88EB4A7C29644EE900A2936A /* Debug */,
				88EB4A7D29644EE900A2936A /* Release */,
			);
			defaultConfigurationIsVisible = 0;
			defaultConfigurationName = Release;
		};
		88EB4A7E29644EE900A2936A /* Build configuration list for PBXNativeTarget "RecipeApp" */ = {
			isa = XCConfigurationList;
			buildConfigurations = (
				88EB4A7F29644EE900A2936A /* Debug */,
				88EB4A8029644EE900A2936A /* Release */,
			);
			defaultConfigurationIsVisible = 0;
			defaultConfigurationName = Release;
		};
/* End XCConfigurationList section */

/* Begin XCRemoteSwiftPackageReference section */
		883C3C6A2964522400592905 /* XCRemoteSwiftPackageReference "firebase-ios-sdk" */ = {
			isa = XCRemoteSwiftPackageReference;
			repositoryURL = "https://github.com/firebase/firebase-ios-sdk";
			requirement = {
				branch = master;
				kind = branch;
			};
		};
/* End XCRemoteSwiftPackageReference section */

/* Begin XCSwiftPackageProductDependency section */
		883C3C6B2964522400592905 /* FirebaseAuth */ = {
			isa = XCSwiftPackageProductDependency;
			package = 883C3C6A2964522400592905 /* XCRemoteSwiftPackageReference "firebase-ios-sdk" */;
			productName = FirebaseAuth;
		};
		883C3C6D2964522400592905 /* FirebaseDatabase */ = {
			isa = XCSwiftPackageProductDependency;
			package = 883C3C6A2964522400592905 /* XCRemoteSwiftPackageReference "firebase-ios-sdk" */;
			productName = FirebaseDatabase;
		};
		883C3C6F2964522400592905 /* FirebaseFirestore */ = {
			isa = XCSwiftPackageProductDependency;
			package = 883C3C6A2964522400592905 /* XCRemoteSwiftPackageReference "firebase-ios-sdk" */;
			productName = FirebaseFirestore;
		};
		883C3C712964522400592905 /* FirebaseStorage */ = {
			isa = XCSwiftPackageProductDependency;
			package = 883C3C6A2964522400592905 /* XCRemoteSwiftPackageReference "firebase-ios-sdk" */;
			productName = FirebaseStorage;
		};
/* End XCSwiftPackageProductDependency section */
	};
	rootObject = 88EB4A6829644EE800A2936A /* Project object */;
}
